
Microsoft Visual Studio Solution File, Format Version 12.00
# Visual Studio Version 17
VisualStudioVersion = 17.14.36603.0 d17.14
MinimumVisualStudioVersion = 10.0.40219.1
Project("{FAE04EC0-301F-11D3-BF4B-00C04F79EFBC}") = "MAUIFitnessApp", "MAUIFitnessApp\MAUIFitnessApp.csproj", "{271DEB54-EEA3-42B7-B35B-6B673FF4FD33}"
EndProject
Global
	GlobalSection(SolutionConfigurationPlatforms) = preSolution
		Debug|Any CPU = Debug|Any CPU
		Release|Any CPU = Release|Any CPU
	EndGlobalSection
	GlobalSection(ProjectConfigurationPlatforms) = postSolution
		{271DEB54-EEA3-42B7-B35B-6B673FF4FD33}.Debug|Any CPU.ActiveCfg = Debug|Any CPU
		{271DEB54-EEA3-42B7-B35B-6B673FF4FD33}.Debug|Any CPU.Build.0 = Debug|Any CPU
		{271DEB54-EEA3-42B7-B35B-6B673FF4FD33}.Release|Any CPU.ActiveCfg = Release|Any CPU
		{271DEB54-EEA3-42B7-B35B-6B673FF4FD33}.Release|Any CPU.Build.0 = Release|Any CPU
	EndGlobalSection
	GlobalSection(SolutionProperties) = preSolution
		HideSolutionNode = FALSE
	EndGlobalSection
	GlobalSection(ExtensibilityGlobals) = postSolution
		SolutionGuid = {1441EC74-8E5B-49E3-B237-BD1191997D5A}
	EndGlobalSection
EndGlobal
